<?xml version="1.0" encoding="utf-8"?>
<Project ToolsVersion="4.0" xmlns="http://schemas.microsoft.com/developer/msbuild/2003">
  <ItemGroup>
    <ClCompile Include="Animation.cpp" />
    <ClCompile Include="Game.cpp" />
    <ClCompile Include="Main.cpp" />
    <ClCompile Include="Object.cpp" />
    <ClCompile Include="Platform.cpp" />
    <ClCompile Include="Manager\AssetManager.cpp">
      <Filter>Manager</Filter>
    </ClCompile>
    <ClCompile Include="Manager\InputManager.cpp">
      <Filter>Manager</Filter>
    </ClCompile>
    <ClCompile Include="Manager\StateManager.cpp">
      <Filter>Manager</Filter>
    </ClCompile>
    <ClCompile Include="Collider.cpp">
      <Filter>Physique</Filter>
    </ClCompile>
    <ClCompile Include="Level.cpp" />
	<Filter>Physique</Filter>
	</ClCompile>
    <ClCompile Include="Character.cpp">
      <Filter>MetroidVania</Filter>
    </ClCompile>
    <ClCompile Include="Hero.cpp">
      <Filter>MetroidVania</Filter>
    </ClCompile>
    <ClCompile Include="Hunter.cpp">
      <Filter>MetroidVania</Filter>
    </ClCompile>
    <ClCompile Include="Monk.cpp">
      <Filter>MetroidVania</Filter>
    </ClCompile>
    <ClCompile Include="Monster.cpp">
      <Filter>MetroidVania</Filter>
    </ClCompile>
    <ClCompile Include="Stage.cpp">
      <Filter>MetroidVania</Filter>
    </ClCompile>
    <ClCompile Include="World.cpp">
      <Filter>MetroidVania</Filter>
    </ClCompile>
    <ClCompile Include="MyEntity.cpp">
      <Filter>Player</Filter>
    </ClCompile>
    <ClCompile Include="State.cpp">
      <Filter>Menu</Filter>
    </ClCompile>
    <ClCompile Include="EntityState.cpp">
      <Filter>Player</Filter>
    </ClCompile>
    <ClCompile Include="StateMachine.cpp">
      <Filter>Player</Filter>
    </ClCompile>
    <ClCompile Include="LevelLoader.cpp" />
    <ClCompile Include="Utils.cpp" />
  </ItemGroup>
  <ItemGroup>
    <ClInclude Include="Animation.h" />
    <ClInclude Include="Game.h" />
    <ClInclude Include="Object.h" />
    <ClInclude Include="Platform.h" />
    <ClInclude Include="Manager\AssetManager.h">
      <Filter>Manager</Filter>
    </ClInclude>
    <ClInclude Include="Manager\InputManager.h">
      <Filter>Manager</Filter>
    </ClInclude>
    <ClInclude Include="Manager\StateManager.h">
      <Filter>Manager</Filter>
    </ClInclude>
    <ClInclude Include="Collider.h">
      <Filter>Physique</Filter>
    </ClInclude>
    <ClInclude Include="Level.h" />
	  <Filter>Physique</Filter>
    </ClInclude>
    <ClInclude Include="Character.h">
      <Filter>MetroidVania</Filter>
    </ClInclude>
    <ClInclude Include="Hero.h">
      <Filter>MetroidVania</Filter>
    </ClInclude>
    <ClInclude Include="Hunter.h">
      <Filter>MetroidVania</Filter>
    </ClInclude>
    <ClInclude Include="Monk.h">
      <Filter>MetroidVania</Filter>
    </ClInclude>
    <ClInclude Include="Monster.h">
      <Filter>MetroidVania</Filter>
    </ClInclude>
    <ClInclude Include="Stage.h">
      <Filter>MetroidVania</Filter>
    </ClInclude>
    <ClInclude Include="World.h">
      <Filter>MetroidVania</Filter>
    </ClInclude>
    <ClInclude Include="MyEntity.h">
      <Filter>Player</Filter>
    </ClInclude>
    <ClInclude Include="State.h">
      <Filter>Menu</Filter>
    </ClInclude>
    <ClInclude Include="EntityState.h">
      <Filter>Player</Filter>
    </ClInclude>
    <ClInclude Include="StateMachine.h">
      <Filter>Player</Filter>
    </ClInclude>
    <ClInclude Include="LevelLoader.h" />
    <ClInclude Include="Utils.h" />
  </ItemGroup>
  <ItemGroup>
    <Filter Include="Manager">
      <UniqueIdentifier>{727194c2-6553-4f01-ab07-1e616d6215ce}</UniqueIdentifier>
    </Filter>
    <Filter Include="Physique">
      <UniqueIdentifier>{42741acb-411b-4acb-a2f6-57a698a40dcb}</UniqueIdentifier>
    </Filter>
    <Filter Include="MetroidVania">
      <UniqueIdentifier>{f00e6e83-d2d5-4beb-91ad-d443afc3f1a7}</UniqueIdentifier>
    <Filter Include="Player">
      <UniqueIdentifier>{f7c7728e-1271-41c7-a804-b17e5e74782e}</UniqueIdentifier>
    </Filter>
    <Filter Include="Menu">
      <UniqueIdentifier>{80dd15b2-f534-40cc-9d7a-20b4dfc9c9a5}</UniqueIdentifier>
    </Filter>
  </ItemGroup>
</Project>